
Microsoft Visual Studio Solution File, Format Version 12.00
# Visual Studio Version 17
VisualStudioVersion = 17.3.32929.385
MinimumVisualStudioVersion = 10.0.40219.1
Project("{9A19103F-16F7-4668-BE54-9A1E7A4F7556}") = "Project1.Data", "Project.Data\Project1.Data.csproj", "{D15CF61F-4D25-4827-B30C-233DB4770890}"
EndProject
Project("{9A19103F-16F7-4668-BE54-9A1E7A4F7556}") = "Project1.API", "Project1.API\Project1.API.csproj", "{7F021113-3CDB-41AE-952D-27C10ACD1104}"
EndProject
Project("{FAE04EC0-301F-11D3-BF4B-00C04F79EFBC}") = "Project1.Logic", "Project1.Logic\Project1.Logic.csproj", "{B5BA79F6-59E7-4E22-8B94-961A96EFDF60}"
EndProject
Global
	GlobalSection(SolutionConfigurationPlatforms) = preSolution
		Debug|Any CPU = Debug|Any CPU
		Release|Any CPU = Release|Any CPU
	EndGlobalSection
	GlobalSection(ProjectConfigurationPlatforms) = postSolution
		{D15CF61F-4D25-4827-B30C-233DB4770890}.Debug|Any CPU.ActiveCfg = Debug|Any CPU
		{D15CF61F-4D25-4827-B30C-233DB4770890}.Debug|Any CPU.Build.0 = Debug|Any CPU
		{D15CF61F-4D25-4827-B30C-233DB4770890}.Release|Any CPU.ActiveCfg = Release|Any CPU
		{D15CF61F-4D25-4827-B30C-233DB4770890}.Release|Any CPU.Build.0 = Release|Any CPU
		{7F021113-3CDB-41AE-952D-27C10ACD1104}.Debug|Any CPU.ActiveCfg = Debug|Any CPU
		{7F021113-3CDB-41AE-952D-27C10ACD1104}.Debug|Any CPU.Build.0 = Debug|Any CPU
		{7F021113-3CDB-41AE-952D-27C10ACD1104}.Release|Any CPU.ActiveCfg = Release|Any CPU
		{7F021113-3CDB-41AE-952D-27C10ACD1104}.Release|Any CPU.Build.0 = Release|Any CPU
		{B5BA79F6-59E7-4E22-8B94-961A96EFDF60}.Debug|Any CPU.ActiveCfg = Debug|Any CPU
		{B5BA79F6-59E7-4E22-8B94-961A96EFDF60}.Debug|Any CPU.Build.0 = Debug|Any CPU
		{B5BA79F6-59E7-4E22-8B94-961A96EFDF60}.Release|Any CPU.ActiveCfg = Release|Any CPU
		{B5BA79F6-59E7-4E22-8B94-961A96EFDF60}.Release|Any CPU.Build.0 = Release|Any CPU
	EndGlobalSection
	GlobalSection(SolutionProperties) = preSolution
		HideSolutionNode = FALSE
	EndGlobalSection
	GlobalSection(ExtensibilityGlobals) = postSolution
		SolutionGuid = {696EBC17-6108-4608-A3DA-CDEFCEA384AE}
	EndGlobalSection
EndGlobal
