
Microsoft Visual Studio Solution File, Format Version 12.00
# Visual Studio Version 17
VisualStudioVersion = 17.0.31903.59
MinimumVisualStudioVersion = 10.0.40219.1
Project("{FAE04EC0-301F-11D3-BF4B-00C04F79EFBC}") = "Project1.Application", "Project1.Application\Project1.Application.csproj", "{49DF9BB0-CE33-4D54-9CFE-85CCBF6625FC}"
EndProject
Project("{FAE04EC0-301F-11D3-BF4B-00C04F79EFBC}") = "Project1.Logic", "Project1.Logic\Project1.Logic.csproj", "{E11F94E0-D65B-4849-A40F-0DC79FEAFC80}"
EndProject
Project("{FAE04EC0-301F-11D3-BF4B-00C04F79EFBC}") = "Project1.InOut", "Project1.InOut\Project1.InOut.csproj", "{13D43E04-0B43-4FF6-B6BB-07679E0A76C5}"
EndProject
Global
	GlobalSection(SolutionConfigurationPlatforms) = preSolution
		Debug|Any CPU = Debug|Any CPU
		Release|Any CPU = Release|Any CPU
	EndGlobalSection
	GlobalSection(SolutionProperties) = preSolution
		HideSolutionNode = FALSE
	EndGlobalSection
	GlobalSection(ProjectConfigurationPlatforms) = postSolution
		{49DF9BB0-CE33-4D54-9CFE-85CCBF6625FC}.Debug|Any CPU.ActiveCfg = Debug|Any CPU
		{49DF9BB0-CE33-4D54-9CFE-85CCBF6625FC}.Debug|Any CPU.Build.0 = Debug|Any CPU
		{49DF9BB0-CE33-4D54-9CFE-85CCBF6625FC}.Release|Any CPU.ActiveCfg = Release|Any CPU
		{49DF9BB0-CE33-4D54-9CFE-85CCBF6625FC}.Release|Any CPU.Build.0 = Release|Any CPU
		{E11F94E0-D65B-4849-A40F-0DC79FEAFC80}.Debug|Any CPU.ActiveCfg = Debug|Any CPU
		{E11F94E0-D65B-4849-A40F-0DC79FEAFC80}.Debug|Any CPU.Build.0 = Debug|Any CPU
		{E11F94E0-D65B-4849-A40F-0DC79FEAFC80}.Release|Any CPU.ActiveCfg = Release|Any CPU
		{E11F94E0-D65B-4849-A40F-0DC79FEAFC80}.Release|Any CPU.Build.0 = Release|Any CPU
		{13D43E04-0B43-4FF6-B6BB-07679E0A76C5}.Debug|Any CPU.ActiveCfg = Debug|Any CPU
		{13D43E04-0B43-4FF6-B6BB-07679E0A76C5}.Debug|Any CPU.Build.0 = Debug|Any CPU
		{13D43E04-0B43-4FF6-B6BB-07679E0A76C5}.Release|Any CPU.ActiveCfg = Release|Any CPU
		{13D43E04-0B43-4FF6-B6BB-07679E0A76C5}.Release|Any CPU.Build.0 = Release|Any CPU
	EndGlobalSection
EndGlobal
